// !$*UTF8*$!
{
	archiveVersion = 1;
	classes = {
	};
	objectVersion = 50;
	objects = {

/* Begin PBXBuildFile section */
		81AB224D267A3B4600CC7DBB /* AppDelegate.swift in Sources */ = {isa = PBXBuildFile; fileRef = 81AB224C267A3B4600CC7DBB /* AppDelegate.swift */; };
		81AB224F267A3B4600CC7DBB /* SceneDelegate.swift in Sources */ = {isa = PBXBuildFile; fileRef = 81AB224E267A3B4600CC7DBB /* SceneDelegate.swift */; };
		81AB2251267A3B4600CC7DBB /* ViewController.swift in Sources */ = {isa = PBXBuildFile; fileRef = 81AB2250267A3B4600CC7DBB /* ViewController.swift */; };
		81AB2254267A3B4600CC7DBB /* Main.storyboard in Resources */ = {isa = PBXBuildFile; fileRef = 81AB2252267A3B4600CC7DBB /* Main.storyboard */; };
		81AB2256267A3B4D00CC7DBB /* Assets.xcassets in Resources */ = {isa = PBXBuildFile; fileRef = 81AB2255267A3B4D00CC7DBB /* Assets.xcassets */; };
		81AB2259267A3B4D00CC7DBB /* LaunchScreen.storyboard in Resources */ = {isa = PBXBuildFile; fileRef = 81AB2257267A3B4D00CC7DBB /* LaunchScreen.storyboard */; };
/* End PBXBuildFile section */

/* Begin PBXFileReference section */
		81AB2249267A3B4600CC7DBB /* Lec19HWFilters.app */ = {isa = PBXFileReference; explicitFileType = wrapper.application; includeInIndex = 0; path = Lec19HWFilters.app; sourceTree = BUILT_PRODUCTS_DIR; };
		81AB224C267A3B4600CC7DBB /* AppDelegate.swift */ = {isa = PBXFileReference; lastKnownFileType = sourcecode.swift; path = AppDelegate.swift; sourceTree = "<group>"; };
		81AB224E267A3B4600CC7DBB /* SceneDelegate.swift */ = {isa = PBXFileReference; lastKnownFileType = sourcecode.swift; path = SceneDelegate.swift; sourceTree = "<group>"; };
		81AB2250267A3B4600CC7DBB /* ViewController.swift */ = {isa = PBXFileReference; lastKnownFileType = sourcecode.swift; path = ViewController.swift; sourceTree = "<group>"; };
		81AB2253267A3B4600CC7DBB /* Base */ = {isa = PBXFileReference; lastKnownFileType = file.storyboard; name = Base; path = Base.lproj/Main.storyboard; sourceTree = "<group>"; };
		81AB2255267A3B4D00CC7DBB /* Assets.xcassets */ = {isa = PBXFileReference; lastKnownFileType = folder.assetcatalog; path = Assets.xcassets; sourceTree = "<group>"; };
		81AB2258267A3B4D00CC7DBB /* Base */ = {isa = PBXFileReference; lastKnownFileType = file.storyboard; name = Base; path = Base.lproj/LaunchScreen.storyboard; sourceTree = "<group>"; };
		81AB225A267A3B4D00CC7DBB /* Info.plist */ = {isa = PBXFileReference; lastKnownFileType = text.plist.xml; path = Info.plist; sourceTree = "<group>"; };
/* End PBXFileReference section */

/* Begin PBXFrameworksBuildPhase section */
		81AB2246267A3B4600CC7DBB /* Frameworks */ = {
			isa = PBXFrameworksBuildPhase;
			buildActionMask = 2147483647;
			files = (
			);
			runOnlyForDeploymentPostprocessing = 0;
		};
/* End PBXFrameworksBuildPhase section */

/* Begin PBXGroup section */
		81AB2240267A3B4600CC7DBB = {
			isa = PBXGroup;
			children = (
				81AB224B267A3B4600CC7DBB /* Lec19HWFilters */,
				81AB224A267A3B4600CC7DBB /* Products */,
			);
			sourceTree = "<group>";
		};
		81AB224A267A3B4600CC7DBB /* Products */ = {
			isa = PBXGroup;
			children = (
				81AB2249267A3B4600CC7DBB /* Lec19HWFilters.app */,
			);
			name = Products;
			sourceTree = "<group>";
		};
		81AB224B267A3B4600CC7DBB /* Lec19HWFilters */ = {
			isa = PBXGroup;
			children = (
				81AB224C267A3B4600CC7DBB /* AppDelegate.swift */,
				81AB224E267A3B4600CC7DBB /* SceneDelegate.swift */,
				81AB2250267A3B4600CC7DBB /* ViewController.swift */,
				81AB2252267A3B4600CC7DBB /* Main.storyboard */,
				81AB2255267A3B4D00CC7DBB /* Assets.xcassets */,
				81AB2257267A3B4D00CC7DBB /* LaunchScreen.storyboard */,
				81AB225A267A3B4D00CC7DBB /* Info.plist */,
			);
			path = Lec19HWFilters;
			sourceTree = "<group>";
		};
/* End PBXGroup section */

/* Begin PBXNativeTarget section */
		81AB2248267A3B4600CC7DBB /* Lec19HWFilters */ = {
			isa = PBXNativeTarget;
			buildConfigurationList = 81AB225D267A3B4D00CC7DBB /* Build configuration list for PBXNativeTarget "Lec19HWFilters" */;
			buildPhases = (
				81AB2245267A3B4600CC7DBB /* Sources */,
				81AB2246267A3B4600CC7DBB /* Frameworks */,
				81AB2247267A3B4600CC7DBB /* Resources */,
			);
			buildRules = (
			);
			dependencies = (
			);
			name = Lec19HWFilters;
			productName = Lec19HWFilters;
			productReference = 81AB2249267A3B4600CC7DBB /* Lec19HWFilters.app */;
			productType = "com.apple.product-type.application";
		};
/* End PBXNativeTarget section */

/* Begin PBXProject section */
		81AB2241267A3B4600CC7DBB /* Project object */ = {
			isa = PBXProject;
			attributes = {
				LastSwiftUpdateCheck = 1250;
				LastUpgradeCheck = 1250;
				TargetAttributes = {
					81AB2248267A3B4600CC7DBB = {
						CreatedOnToolsVersion = 12.5;
					};
				};
			};
			buildConfigurationList = 81AB2244267A3B4600CC7DBB /* Build configuration list for PBXProject "Lec19HWFilters" */;
			compatibilityVersion = "Xcode 9.3";
			developmentRegion = en;
			hasScannedForEncodings = 0;
			knownRegions = (
				en,
				Base,
			);
			mainGroup = 81AB2240267A3B4600CC7DBB;
			productRefGroup = 81AB224A267A3B4600CC7DBB /* Products */;
			projectDirPath = "";
			projectRoot = "";
			targets = (
				81AB2248267A3B4600CC7DBB /* Lec19HWFilters */,
			);
		};
/* End PBXProject section */

/* Begin PBXResourcesBuildPhase section */
		81AB2247267A3B4600CC7DBB /* Resources */ = {
			isa = PBXResourcesBuildPhase;
			buildActionMask = 2147483647;
			files = (
				81AB2259267A3B4D00CC7DBB /* LaunchScreen.storyboard in Resources */,
				81AB2256267A3B4D00CC7DBB /* Assets.xcassets in Resources */,
				81AB2254267A3B4600CC7DBB /* Main.storyboard in Resources */,
			);
			runOnlyForDeploymentPostprocessing = 0;
		};
/* End PBXResourcesBuildPhase section */

/* Begin PBXSourcesBuildPhase section */
		81AB2245267A3B4600CC7DBB /* Sources */ = {
			isa = PBXSourcesBuildPhase;
			buildActionMask = 2147483647;
			files = (
				81AB2251267A3B4600CC7DBB /* ViewController.swift in Sources */,
				81AB224D267A3B4600CC7DBB /* AppDelegate.swift in Sources */,
				81AB224F267A3B4600CC7DBB /* SceneDelegate.swift in Sources */,
			);
			runOnlyForDeploymentPostprocessing = 0;
		};
/* End PBXSourcesBuildPhase section */

/* Begin PBXVariantGroup section */
		81AB2252267A3B4600CC7DBB /* Main.storyboard */ = {
			isa = PBXVariantGroup;
			children = (
				81AB2253267A3B4600CC7DBB /* Base */,
			);
			name = Main.storyboard;
			sourceTree = "<group>";
		};
		81AB2257267A3B4D00CC7DBB /* LaunchScreen.storyboard */ = {
			isa = PBXVariantGroup;
			children = (
				81AB2258267A3B4D00CC7DBB /* Base */,
			);
			name = LaunchScreen.storyboard;
			sourceTree = "<group>";
		};
/* End PBXVariantGroup section */

/* Begin XCBuildConfiguration section */
		81AB225B267A3B4D00CC7DBB /* Debug */ = {
			isa = XCBuildConfiguration;
			buildSettings = {
				ALWAYS_SEARCH_USER_PATHS = NO;
				CLANG_ANALYZER_NONNULL = YES;
				CLANG_ANALYZER_NUMBER_OBJECT_CONVERSION = YES_AGGRESSIVE;
				CLANG_CXX_LANGUAGE_STANDARD = "gnu++14";
				CLANG_CXX_LIBRARY = "libc++";
				CLANG_ENABLE_MODULES = YES;
				CLANG_ENABLE_OBJC_ARC = YES;
				CLANG_ENABLE_OBJC_WEAK = YES;
				CLANG_WARN_BLOCK_CAPTURE_AUTORELEASING = YES;
				CLANG_WARN_BOOL_CONVERSION = YES;
				CLANG_WARN_COMMA = YES;
				CLANG_WARN_CONSTANT_CONVERSION = YES;
				CLANG_WARN_DEPRECATED_OBJC_IMPLEMENTATIONS = YES;
				CLANG_WARN_DIRECT_OBJC_ISA_USAGE = YES_ERROR;
				CLANG_WARN_DOCUMENTATION_COMMENTS = YES;
				CLANG_WARN_EMPTY_BODY = YES;
				CLANG_WARN_ENUM_CONVERSION = YES;
				CLANG_WARN_INFINITE_RECURSION = YES;
				CLANG_WARN_INT_CONVERSION = YES;
				CLANG_WARN_NON_LITERAL_NULL_CONVERSION = YES;
				CLANG_WARN_OBJC_IMPLICIT_RETAIN_SELF = YES;
				CLANG_WARN_OBJC_LITERAL_CONVERSION = YES;
				CLANG_WARN_OBJC_ROOT_CLASS = YES_ERROR;
				CLANG_WARN_QUOTED_INCLUDE_IN_FRAMEWORK_HEADER = YES;
				CLANG_WARN_RANGE_LOOP_ANALYSIS = YES;
				CLANG_WARN_STRICT_PROTOTYPES = YES;
				CLANG_WARN_SUSPICIOUS_MOVE = YES;
				CLANG_WARN_UNGUARDED_AVAILABILITY = YES_AGGRESSIVE;
				CLANG_WARN_UNREACHABLE_CODE = YES;
				CLANG_WARN__DUPLICATE_METHOD_MATCH = YES;
				COPY_PHASE_STRIP = NO;
				DEBUG_INFORMATION_FORMAT = dwarf;
				ENABLE_STRICT_OBJC_MSGSEND = YES;
				ENABLE_TESTABILITY = YES;
				GCC_C_LANGUAGE_STANDARD = gnu11;
				GCC_DYNAMIC_NO_PIC = NO;
				GCC_NO_COMMON_BLOCKS = YES;
				GCC_OPTIMIZATION_LEVEL = 0;
				GCC_PREPROCESSOR_DEFINITIONS = (
					"DEBUG=1",
					"$(inherited)",
				);
				GCC_WARN_64_TO_32_BIT_CONVERSION = YES;
				GCC_WARN_ABOUT_RETURN_TYPE = YES_ERROR;
				GCC_WARN_UNDECLARED_SELECTOR = YES;
				GCC_WARN_UNINITIALIZED_AUTOS = YES_AGGRESSIVE;
				GCC_WARN_UNUSED_FUNCTION = YES;
				GCC_WARN_UNUSED_VARIABLE = YES;
				IPHONEOS_DEPLOYMENT_TARGET = 14.5;
				MTL_ENABLE_DEBUG_INFO = INCLUDE_SOURCE;
				MTL_FAST_MATH = YES;
				ONLY_ACTIVE_ARCH = YES;
				SDKROOT = iphoneos;
				SWIFT_ACTIVE_COMPILATION_CONDITIONS = DEBUG;
				SWIFT_OPTIMIZATION_LEVEL = "-Onone";
			};
			name = Debug;
		};
		81AB225C267A3B4D00CC7DBB /* Release */ = {
			isa = XCBuildConfiguration;
			buildSettings = {
				ALWAYS_SEARCH_USER_PATHS = NO;
				CLANG_ANALYZER_NONNULL = YES;
				CLANG_ANALYZER_NUMBER_OBJECT_CONVERSION = YES_AGGRESSIVE;
				CLANG_CXX_LANGUAGE_STANDARD = "gnu++14";
				CLANG_CXX_LIBRARY = "libc++";
				CLANG_ENABLE_MODULES = YES;
				CLANG_ENABLE_OBJC_ARC = YES;
				CLANG_ENABLE_OBJC_WEAK = YES;
				CLANG_WARN_BLOCK_CAPTURE_AUTORELEASING = YES;
				CLANG_WARN_BOOL_CONVERSION = YES;
				CLANG_WARN_COMMA = YES;
				CLANG_WARN_CONSTANT_CONVERSION = YES;
				CLANG_WARN_DEPRECATED_OBJC_IMPLEMENTATIONS = YES;
				CLANG_WARN_DIRECT_OBJC_ISA_USAGE = YES_ERROR;
				CLANG_WARN_DOCUMENTATION_COMMENTS = YES;
				CLANG_WARN_EMPTY_BODY = YES;
				CLANG_WARN_ENUM_CONVERSION = YES;
				CLANG_WARN_INFINITE_RECURSION = YES;
				CLANG_WARN_INT_CONVERSION = YES;
				CLANG_WARN_NON_LITERAL_NULL_CONVERSION = YES;
				CLANG_WARN_OBJC_IMPLICIT_RETAIN_SELF = YES;
				CLANG_WARN_OBJC_LITERAL_CONVERSION = YES;
				CLANG_WARN_OBJC_ROOT_CLASS = YES_ERROR;
				CLANG_WARN_QUOTED_INCLUDE_IN_FRAMEWORK_HEADER = YES;
				CLANG_WARN_RANGE_LOOP_ANALYSIS = YES;
				CLANG_WARN_STRICT_PROTOTYPES = YES;
				CLANG_WARN_SUSPICIOUS_MOVE = YES;
				CLANG_WARN_UNGUARDED_AVAILABILITY = YES_AGGRESSIVE;
				CLANG_WARN_UNREACHABLE_CODE = YES;
				CLANG_WARN__DUPLICATE_METHOD_MATCH = YES;
				COPY_PHASE_STRIP = NO;
				DEBUG_INFORMATION_FORMAT = "dwarf-with-dsym";
				ENABLE_NS_ASSERTIONS = NO;
				ENABLE_STRICT_OBJC_MSGSEND = YES;
				GCC_C_LANGUAGE_STANDARD = gnu11;
				GCC_NO_COMMON_BLOCKS = YES;
				GCC_WARN_64_TO_32_BIT_CONVERSION = YES;
				GCC_WARN_ABOUT_RETURN_TYPE = YES_ERROR;
				GCC_WARN_UNDECLARED_SELECTOR = YES;
				GCC_WARN_UNINITIALIZED_AUTOS = YES_AGGRESSIVE;
				GCC_WARN_UNUSED_FUNCTION = YES;
				GCC_WARN_UNUSED_VARIABLE = YES;
				IPHONEOS_DEPLOYMENT_TARGET = 14.5;
				MTL_ENABLE_DEBUG_INFO = NO;
				MTL_FAST_MATH = YES;
				SDKROOT = iphoneos;
				SWIFT_COMPILATION_MODE = wholemodule;
				SWIFT_OPTIMIZATION_LEVEL = "-O";
				VALIDATE_PRODUCT = YES;
			};
			name = Release;
		};
		81AB225E267A3B4D00CC7DBB /* Debug */ = {
			isa = XCBuildConfiguration;
			buildSettings = {
				ASSETCATALOG_COMPILER_APPICON_NAME = AppIcon;
				ASSETCATALOG_COMPILER_GLOBAL_ACCENT_COLOR_NAME = AccentColor;
				CODE_SIGN_STYLE = Automatic;
				DEVELOPMENT_TEAM = 2ADC59L5NT;
				INFOPLIST_FILE = Lec19HWFilters/Info.plist;
				LD_RUNPATH_SEARCH_PATHS = (
					"$(inherited)",
					"@executable_path/Frameworks",
				);
				PRODUCT_BUNDLE_IDENTIFIER = badyi7.Lec19HWFilters;
				PRODUCT_NAME = "$(TARGET_NAME)";
				SWIFT_VERSION = 5.0;
				TARGETED_DEVICE_FAMILY = "1,2";
			};
			name = Debug;
		};
		81AB225F267A3B4D00CC7DBB /* Release */ = {
			isa = XCBuildConfiguration;
			buildSettings = {
				ASSETCATALOG_COMPILER_APPICON_NAME = AppIcon;
				ASSETCATALOG_COMPILER_GLOBAL_ACCENT_COLOR_NAME = AccentColor;
				CODE_SIGN_STYLE = Automatic;
				DEVELOPMENT_TEAM = 2ADC59L5NT;
				INFOPLIST_FILE = Lec19HWFilters/Info.plist;
				LD_RUNPATH_SEARCH_PATHS = (
					"$(inherited)",
					"@executable_path/Frameworks",
				);
				PRODUCT_BUNDLE_IDENTIFIER = badyi7.Lec19HWFilters;
				PRODUCT_NAME = "$(TARGET_NAME)";
				SWIFT_VERSION = 5.0;
				TARGETED_DEVICE_FAMILY = "1,2";
			};
			name = Release;
		};
/* End XCBuildConfiguration section */

/* Begin XCConfigurationList section */
		81AB2244267A3B4600CC7DBB /* Build configuration list for PBXProject "Lec19HWFilters" */ = {
			isa = XCConfigurationList;
			buildConfigurations = (
				81AB225B267A3B4D00CC7DBB /* Debug */,
				81AB225C267A3B4D00CC7DBB /* Release */,
			);
			defaultConfigurationIsVisible = 0;
			defaultConfigurationName = Release;
		};
		81AB225D267A3B4D00CC7DBB /* Build configuration list for PBXNativeTarget "Lec19HWFilters" */ = {
			isa = XCConfigurationList;
			buildConfigurations = (
				81AB225E267A3B4D00CC7DBB /* Debug */,
				81AB225F267A3B4D00CC7DBB /* Release */,
			);
			defaultConfigurationIsVisible = 0;
			defaultConfigurationName = Release;
		};
/* End XCConfigurationList section */
	};
	rootObject = 81AB2241267A3B4600CC7DBB /* Project object */;
}
